
Microsoft Visual Studio Solution File, Format Version 12.00
# Visual Studio Version 17
VisualStudioVersion = 17.4.33213.308
MinimumVisualStudioVersion = 10.0.40219.1
Project("{FAE04EC0-301F-11D3-BF4B-00C04F79EFBC}") = "NumberCrunchApp", "NumberCrunchApp\NumberCrunchApp.csproj", "{BF8669F3-E5C5-4D8E-94EE-0540D13EB4D6}"
EndProject
Global
	GlobalSection(SolutionConfigurationPlatforms) = preSolution
		Debug|Any CPU = Debug|Any CPU
		Release|Any CPU = Release|Any CPU
	EndGlobalSection
	GlobalSection(ProjectConfigurationPlatforms) = postSolution
		{BF8669F3-E5C5-4D8E-94EE-0540D13EB4D6}.Debug|Any CPU.ActiveCfg = Debug|Any CPU
		{BF8669F3-E5C5-4D8E-94EE-0540D13EB4D6}.Debug|Any CPU.Build.0 = Debug|Any CPU
		{BF8669F3-E5C5-4D8E-94EE-0540D13EB4D6}.Release|Any CPU.ActiveCfg = Release|Any CPU
		{BF8669F3-E5C5-4D8E-94EE-0540D13EB4D6}.Release|Any CPU.Build.0 = Release|Any CPU
	EndGlobalSection
	GlobalSection(SolutionProperties) = preSolution
		HideSolutionNode = FALSE
	EndGlobalSection
	GlobalSection(ExtensibilityGlobals) = postSolution
		SolutionGuid = {E5410AF9-74A9-4256-941C-14012833FC0E}
	EndGlobalSection
EndGlobal
